
Microsoft Visual Studio Solution File, Format Version 12.00
# Visual Studio Version 17
VisualStudioVersion = 17.11.35312.102
MinimumVisualStudioVersion = 10.0.40219.1
Project("{FAE04EC0-301F-11D3-BF4B-00C04F79EFBC}") = "Pri.ThomasVanMaelePEtwee.mvc", "Pri.ThomasVanMaelePEtwee.mvc\Pri.ThomasVanMaelePEtwee.mvc.csproj", "{77C885AD-D487-416E-846E-7049DE575D9C}"
EndProject
Project("{FAE04EC0-301F-11D3-BF4B-00C04F79EFBC}") = "Pri.ThomasVanMaelePEtwee.core", "Pri.ThomasVanMaelePEtwee.core\Pri.ThomasVanMaelePEtwee.core.csproj", "{98201800-98D1-4A48-A610-D2F1371176CB}"
EndProject
Global
	GlobalSection(SolutionConfigurationPlatforms) = preSolution
		Debug|Any CPU = Debug|Any CPU
		Release|Any CPU = Release|Any CPU
	EndGlobalSection
	GlobalSection(ProjectConfigurationPlatforms) = postSolution
		{77C885AD-D487-416E-846E-7049DE575D9C}.Debug|Any CPU.ActiveCfg = Debug|Any CPU
		{77C885AD-D487-416E-846E-7049DE575D9C}.Debug|Any CPU.Build.0 = Debug|Any CPU
		{77C885AD-D487-416E-846E-7049DE575D9C}.Release|Any CPU.ActiveCfg = Release|Any CPU
		{77C885AD-D487-416E-846E-7049DE575D9C}.Release|Any CPU.Build.0 = Release|Any CPU
		{98201800-98D1-4A48-A610-D2F1371176CB}.Debug|Any CPU.ActiveCfg = Debug|Any CPU
		{98201800-98D1-4A48-A610-D2F1371176CB}.Debug|Any CPU.Build.0 = Debug|Any CPU
		{98201800-98D1-4A48-A610-D2F1371176CB}.Release|Any CPU.ActiveCfg = Release|Any CPU
		{98201800-98D1-4A48-A610-D2F1371176CB}.Release|Any CPU.Build.0 = Release|Any CPU
	EndGlobalSection
	GlobalSection(SolutionProperties) = preSolution
		HideSolutionNode = FALSE
	EndGlobalSection
	GlobalSection(ExtensibilityGlobals) = postSolution
		SolutionGuid = {28F0E8E2-C444-447F-A501-632ED6453682}
	EndGlobalSection
EndGlobal
